
Microsoft Visual Studio Solution File, Format Version 12.00
# Visual Studio 15
VisualStudioVersion = 15.0.26730.16
MinimumVisualStudioVersion = 10.0.40219.1
Project("{FAE04EC0-301F-11D3-BF4B-00C04F79EFBC}") = "PokeBurger", "PokeBurger\PokeBurger.csproj", "{8936216F-E2CA-4666-97DE-B15ABDF0D090}"
EndProject
Global
	GlobalSection(SolutionConfigurationPlatforms) = preSolution
		Debug|Any CPU = Debug|Any CPU
		Release|Any CPU = Release|Any CPU
	EndGlobalSection
	GlobalSection(ProjectConfigurationPlatforms) = postSolution
		{8936216F-E2CA-4666-97DE-B15ABDF0D090}.Debug|Any CPU.ActiveCfg = Debug|Any CPU
		{8936216F-E2CA-4666-97DE-B15ABDF0D090}.Debug|Any CPU.Build.0 = Debug|Any CPU
		{8936216F-E2CA-4666-97DE-B15ABDF0D090}.Release|Any CPU.ActiveCfg = Release|Any CPU
		{8936216F-E2CA-4666-97DE-B15ABDF0D090}.Release|Any CPU.Build.0 = Release|Any CPU
	EndGlobalSection
	GlobalSection(SolutionProperties) = preSolution
		HideSolutionNode = FALSE
	EndGlobalSection
	GlobalSection(ExtensibilityGlobals) = postSolution
		SolutionGuid = {7B14B3BA-02FF-4D9F-BE7E-F6365852C6D1}
	EndGlobalSection
EndGlobal
